// !$*UTF8*$!
{
	archiveVersion = 1;
	classes = {
	};
	objectVersion = 55;
	objects = {

/* Begin PBXBuildFile section */
		CE184D2F2793381500535889 /* AppDelegate.swift in Sources */ = {isa = PBXBuildFile; fileRef = CE184D2E2793381500535889 /* AppDelegate.swift */; };
		CE184D312793381500535889 /* SceneDelegate.swift in Sources */ = {isa = PBXBuildFile; fileRef = CE184D302793381500535889 /* SceneDelegate.swift */; };
		CE184D362793381500535889 /* Main.storyboard in Resources */ = {isa = PBXBuildFile; fileRef = CE184D342793381500535889 /* Main.storyboard */; };
		CE184D382793381700535889 /* Assets.xcassets in Resources */ = {isa = PBXBuildFile; fileRef = CE184D372793381700535889 /* Assets.xcassets */; };
		CE184D3B2793381700535889 /* LaunchScreen.storyboard in Resources */ = {isa = PBXBuildFile; fileRef = CE184D392793381700535889 /* LaunchScreen.storyboard */; };
		CE24987627A7EF1D009222AE /* LogInView.swift in Sources */ = {isa = PBXBuildFile; fileRef = CE24987527A7EF1D009222AE /* LogInView.swift */; };
		CE4A9D9627986F3800F19BD5 /* OnboardingData.swift in Sources */ = {isa = PBXBuildFile; fileRef = CE4A9D9527986F3800F19BD5 /* OnboardingData.swift */; };
		CE4A9D992798975200F19BD5 /* OnboardingViewModel.swift in Sources */ = {isa = PBXBuildFile; fileRef = CE4A9D982798975200F19BD5 /* OnboardingViewModel.swift */; };
		CE5D4C762798050E00EDC5F1 /* OnboardingViewController.swift in Sources */ = {isa = PBXBuildFile; fileRef = CE5D4C752798050E00EDC5F1 /* OnboardingViewController.swift */; };
		CE5D4C7A2798087100EDC5F1 /* UIView+Extension.swift in Sources */ = {isa = PBXBuildFile; fileRef = CE5D4C792798087100EDC5F1 /* UIView+Extension.swift */; };
		CE5D4C7E2798154B00EDC5F1 /* OnboardingCollectionViewCell.swift in Sources */ = {isa = PBXBuildFile; fileRef = CE5D4C7D2798154B00EDC5F1 /* OnboardingCollectionViewCell.swift */; };
		CE5D4CAC27982AEB00EDC5F1 /* Poppins-Regular.ttf in Resources */ = {isa = PBXBuildFile; fileRef = CE5D4CAB27982AEB00EDC5F1 /* Poppins-Regular.ttf */; };
		CE7EEB99279AA315006347F1 /* Constants.swift in Sources */ = {isa = PBXBuildFile; fileRef = CE7EEB98279AA315006347F1 /* Constants.swift */; };
		CE99A00827A217DD00050022 /* SignUpViewController.swift in Sources */ = {isa = PBXBuildFile; fileRef = CE99A00727A217DD00050022 /* SignUpViewController.swift */; };
		CE99A00C27A2182600050022 /* LogInViewController.swift in Sources */ = {isa = PBXBuildFile; fileRef = CE99A00B27A2182600050022 /* LogInViewController.swift */; };
		CE99A00E27A2201200050022 /* SignUpView.swift in Sources */ = {isa = PBXBuildFile; fileRef = CE99A00D27A2201200050022 /* SignUpView.swift */; };
		CEA0709027A3D336004C6C83 /* Poppins-SemiBold.ttf in Resources */ = {isa = PBXBuildFile; fileRef = CEA0708F27A3D336004C6C83 /* Poppins-SemiBold.ttf */; };
		CEA0709227A3D35B004C6C83 /* Poppins-Bold.ttf in Resources */ = {isa = PBXBuildFile; fileRef = CEA0709127A3D35B004C6C83 /* Poppins-Bold.ttf */; };
		CEA0709427A3D575004C6C83 /* CustomBackgroundView.swift in Sources */ = {isa = PBXBuildFile; fileRef = CEA0709327A3D575004C6C83 /* CustomBackgroundView.swift */; };
		CEA0709627A3DC32004C6C83 /* CustomTextField.swift in Sources */ = {isa = PBXBuildFile; fileRef = CEA0709527A3DC32004C6C83 /* CustomTextField.swift */; };
		CEDAB57327A450D300138475 /* UITextField+Extension.swift in Sources */ = {isa = PBXBuildFile; fileRef = CEDAB57227A450D300138475 /* UITextField+Extension.swift */; };
		CEDAB57627A4752300138475 /* SignUpModel.swift in Sources */ = {isa = PBXBuildFile; fileRef = CEDAB57527A4752300138475 /* SignUpModel.swift */; };
		CEE195F027ABF867002DCE1B /* ForgetPasswordView.swift in Sources */ = {isa = PBXBuildFile; fileRef = CEE195EF27ABF867002DCE1B /* ForgetPasswordView.swift */; };
		CEE195F227AC04F6002DCE1B /* ForgetPasswordViewController.swift in Sources */ = {isa = PBXBuildFile; fileRef = CEE195F127AC04F6002DCE1B /* ForgetPasswordViewController.swift */; };
		CEE195F827AC1C3F002DCE1B /* VerificationPageView.swift in Sources */ = {isa = PBXBuildFile; fileRef = CEE195F727AC1C3F002DCE1B /* VerificationPageView.swift */; };
		CEE195FA27AC233C002DCE1B /* VerificationPageViewController.swift in Sources */ = {isa = PBXBuildFile; fileRef = CEE195F927AC233C002DCE1B /* VerificationPageViewController.swift */; };
		CEFEF51A279C0DF70066584C /* SetupView.swift in Sources */ = {isa = PBXBuildFile; fileRef = CEFEF519279C0DF70066584C /* SetupView.swift */; };
		CEFEF51C279C0E690066584C /* SetupViewController.swift in Sources */ = {isa = PBXBuildFile; fileRef = CEFEF51B279C0E690066584C /* SetupViewController.swift */; };
		CEFEF51F279C59D40066584C /* TitleLabel.swift in Sources */ = {isa = PBXBuildFile; fileRef = CEFEF51E279C59D40066584C /* TitleLabel.swift */; };
		CEFEF521279C59E50066584C /* CustomButton.swift in Sources */ = {isa = PBXBuildFile; fileRef = CEFEF520279C59E50066584C /* CustomButton.swift */; };
/* End PBXBuildFile section */

/* Begin PBXFileReference section */
		CE184D2B2793381500535889 /* TourMap.app */ = {isa = PBXFileReference; explicitFileType = wrapper.application; includeInIndex = 0; path = TourMap.app; sourceTree = BUILT_PRODUCTS_DIR; };
		CE184D2E2793381500535889 /* AppDelegate.swift */ = {isa = PBXFileReference; lastKnownFileType = sourcecode.swift; path = AppDelegate.swift; sourceTree = "<group>"; };
		CE184D302793381500535889 /* SceneDelegate.swift */ = {isa = PBXFileReference; lastKnownFileType = sourcecode.swift; path = SceneDelegate.swift; sourceTree = "<group>"; };
		CE184D352793381500535889 /* Base */ = {isa = PBXFileReference; lastKnownFileType = file.storyboard; name = Base; path = Base.lproj/Main.storyboard; sourceTree = "<group>"; };
		CE184D372793381700535889 /* Assets.xcassets */ = {isa = PBXFileReference; lastKnownFileType = folder.assetcatalog; path = Assets.xcassets; sourceTree = "<group>"; };
		CE184D3A2793381700535889 /* Base */ = {isa = PBXFileReference; lastKnownFileType = file.storyboard; name = Base; path = Base.lproj/LaunchScreen.storyboard; sourceTree = "<group>"; };
		CE184D3C2793381700535889 /* Info.plist */ = {isa = PBXFileReference; lastKnownFileType = text.plist.xml; path = Info.plist; sourceTree = "<group>"; };
		CE24987527A7EF1D009222AE /* LogInView.swift */ = {isa = PBXFileReference; lastKnownFileType = sourcecode.swift; path = LogInView.swift; sourceTree = "<group>"; };
		CE4A9D9527986F3800F19BD5 /* OnboardingData.swift */ = {isa = PBXFileReference; lastKnownFileType = sourcecode.swift; path = OnboardingData.swift; sourceTree = "<group>"; };
		CE4A9D982798975200F19BD5 /* OnboardingViewModel.swift */ = {isa = PBXFileReference; lastKnownFileType = sourcecode.swift; path = OnboardingViewModel.swift; sourceTree = "<group>"; };
		CE5D4C752798050E00EDC5F1 /* OnboardingViewController.swift */ = {isa = PBXFileReference; lastKnownFileType = sourcecode.swift; path = OnboardingViewController.swift; sourceTree = "<group>"; };
		CE5D4C792798087100EDC5F1 /* UIView+Extension.swift */ = {isa = PBXFileReference; lastKnownFileType = sourcecode.swift; path = "UIView+Extension.swift"; sourceTree = "<group>"; };
		CE5D4C7D2798154B00EDC5F1 /* OnboardingCollectionViewCell.swift */ = {isa = PBXFileReference; lastKnownFileType = sourcecode.swift; path = OnboardingCollectionViewCell.swift; sourceTree = "<group>"; };
		CE5D4CAB27982AEB00EDC5F1 /* Poppins-Regular.ttf */ = {isa = PBXFileReference; lastKnownFileType = file; path = "Poppins-Regular.ttf"; sourceTree = "<group>"; };
		CE7EEB98279AA315006347F1 /* Constants.swift */ = {isa = PBXFileReference; lastKnownFileType = sourcecode.swift; path = Constants.swift; sourceTree = "<group>"; };
		CE99A00727A217DD00050022 /* SignUpViewController.swift */ = {isa = PBXFileReference; lastKnownFileType = sourcecode.swift; path = SignUpViewController.swift; sourceTree = "<group>"; };
		CE99A00B27A2182600050022 /* LogInViewController.swift */ = {isa = PBXFileReference; lastKnownFileType = sourcecode.swift; path = LogInViewController.swift; sourceTree = "<group>"; };
		CE99A00D27A2201200050022 /* SignUpView.swift */ = {isa = PBXFileReference; lastKnownFileType = sourcecode.swift; path = SignUpView.swift; sourceTree = "<group>"; };
		CEA0708F27A3D336004C6C83 /* Poppins-SemiBold.ttf */ = {isa = PBXFileReference; lastKnownFileType = file; path = "Poppins-SemiBold.ttf"; sourceTree = "<group>"; };
		CEA0709127A3D35B004C6C83 /* Poppins-Bold.ttf */ = {isa = PBXFileReference; lastKnownFileType = file; path = "Poppins-Bold.ttf"; sourceTree = "<group>"; };
		CEA0709327A3D575004C6C83 /* CustomBackgroundView.swift */ = {isa = PBXFileReference; lastKnownFileType = sourcecode.swift; path = CustomBackgroundView.swift; sourceTree = "<group>"; };
		CEA0709527A3DC32004C6C83 /* CustomTextField.swift */ = {isa = PBXFileReference; lastKnownFileType = sourcecode.swift; path = CustomTextField.swift; sourceTree = "<group>"; };
		CEDAB57227A450D300138475 /* UITextField+Extension.swift */ = {isa = PBXFileReference; lastKnownFileType = sourcecode.swift; path = "UITextField+Extension.swift"; sourceTree = "<group>"; };
		CEDAB57527A4752300138475 /* SignUpModel.swift */ = {isa = PBXFileReference; lastKnownFileType = sourcecode.swift; path = SignUpModel.swift; sourceTree = "<group>"; };
		CEE195EF27ABF867002DCE1B /* ForgetPasswordView.swift */ = {isa = PBXFileReference; lastKnownFileType = sourcecode.swift; path = ForgetPasswordView.swift; sourceTree = "<group>"; };
		CEE195F127AC04F6002DCE1B /* ForgetPasswordViewController.swift */ = {isa = PBXFileReference; lastKnownFileType = sourcecode.swift; path = ForgetPasswordViewController.swift; sourceTree = "<group>"; };
		CEE195F727AC1C3F002DCE1B /* VerificationPageView.swift */ = {isa = PBXFileReference; lastKnownFileType = sourcecode.swift; path = VerificationPageView.swift; sourceTree = "<group>"; };
		CEE195F927AC233C002DCE1B /* VerificationPageViewController.swift */ = {isa = PBXFileReference; lastKnownFileType = sourcecode.swift; path = VerificationPageViewController.swift; sourceTree = "<group>"; };
		CEFEF519279C0DF70066584C /* SetupView.swift */ = {isa = PBXFileReference; lastKnownFileType = sourcecode.swift; path = SetupView.swift; sourceTree = "<group>"; };
		CEFEF51B279C0E690066584C /* SetupViewController.swift */ = {isa = PBXFileReference; lastKnownFileType = sourcecode.swift; path = SetupViewController.swift; sourceTree = "<group>"; };
		CEFEF51E279C59D40066584C /* TitleLabel.swift */ = {isa = PBXFileReference; lastKnownFileType = sourcecode.swift; path = TitleLabel.swift; sourceTree = "<group>"; };
		CEFEF520279C59E50066584C /* CustomButton.swift */ = {isa = PBXFileReference; lastKnownFileType = sourcecode.swift; path = CustomButton.swift; sourceTree = "<group>"; };
/* End PBXFileReference section */

/* Begin PBXFrameworksBuildPhase section */
		CE184D282793381500535889 /* Frameworks */ = {
			isa = PBXFrameworksBuildPhase;
			buildActionMask = 2147483647;
			files = (
			);
			runOnlyForDeploymentPostprocessing = 0;
		};
/* End PBXFrameworksBuildPhase section */

/* Begin PBXGroup section */
		CE184D222793381500535889 = {
			isa = PBXGroup;
			children = (
				CE184D2D2793381500535889 /* TourMap */,
				CE184D2C2793381500535889 /* Products */,
			);
			sourceTree = "<group>";
		};
		CE184D2C2793381500535889 /* Products */ = {
			isa = PBXGroup;
			children = (
				CE184D2B2793381500535889 /* TourMap.app */,
			);
			name = Products;
			sourceTree = "<group>";
		};
		CE184D2D2793381500535889 /* TourMap */ = {
			isa = PBXGroup;
			children = (
				CEE195F527AC1BD9002DCE1B /* VerificationPage */,
				CE650765279966C7008F1717 /* AppDelegates */,
				CE5D4C802798211600EDC5F1 /* Resources */,
				CE7EEB9A279AE2F7006347F1 /* Utilities */,
				CEFEF51D279C59A20066584C /* CustomViews */,
				CE5D4C77279807A000EDC5F1 /* Extensions */,
				CE5D4C74279804CD00EDC5F1 /* Onboarding */,
				CEFEF515279C0CAF0066584C /* SetupPage */,
				CE99A00527A217B900050022 /* SignUp */,
				CE99A00927A2180D00050022 /* SignIn */,
				CEE195ED27ABF7DD002DCE1B /* ForgetPassword */,
				CE184D342793381500535889 /* Main.storyboard */,
				CE184D392793381700535889 /* LaunchScreen.storyboard */,
				CE5D4C7F27981D3400EDC5F1 /* SupportingFiles */,
			);
			path = TourMap;
			sourceTree = "<group>";
		};
		CE4A9D9427986E5000F19BD5 /* Models */ = {
			isa = PBXGroup;
			children = (
				CE4A9D9527986F3800F19BD5 /* OnboardingData.swift */,
			);
			path = Models;
			sourceTree = "<group>";
		};
		CE4A9D972798973200F19BD5 /* ViewModel */ = {
			isa = PBXGroup;
			children = (
				CE4A9D982798975200F19BD5 /* OnboardingViewModel.swift */,
			);
			path = ViewModel;
			sourceTree = "<group>";
		};
		CE5D4C732798047D00EDC5F1 /* Views */ = {
			isa = PBXGroup;
			children = (
				CE5D4C752798050E00EDC5F1 /* OnboardingViewController.swift */,
				CE5D4C7D2798154B00EDC5F1 /* OnboardingCollectionViewCell.swift */,
			);
			path = Views;
			sourceTree = "<group>";
		};
		CE5D4C74279804CD00EDC5F1 /* Onboarding */ = {
			isa = PBXGroup;
			children = (
				CE4A9D9427986E5000F19BD5 /* Models */,
				CE5D4C732798047D00EDC5F1 /* Views */,
				CE4A9D972798973200F19BD5 /* ViewModel */,
			);
			path = Onboarding;
			sourceTree = "<group>";
		};
		CE5D4C77279807A000EDC5F1 /* Extensions */ = {
			isa = PBXGroup;
			children = (
				CE5D4C792798087100EDC5F1 /* UIView+Extension.swift */,
				CEDAB57227A450D300138475 /* UITextField+Extension.swift */,
			);
			path = Extensions;
			sourceTree = "<group>";
		};
		CE5D4C7F27981D3400EDC5F1 /* SupportingFiles */ = {
			isa = PBXGroup;
			children = (
				CE184D3C2793381700535889 /* Info.plist */,
			);
			path = SupportingFiles;
			sourceTree = "<group>";
		};
		CE5D4C802798211600EDC5F1 /* Resources */ = {
			isa = PBXGroup;
			children = (
				CE184D372793381700535889 /* Assets.xcassets */,
				CE5D4CA827982A1300EDC5F1 /* Fonts */,
			);
			path = Resources;
			sourceTree = "<group>";
		};
		CE5D4CA827982A1300EDC5F1 /* Fonts */ = {
			isa = PBXGroup;
			children = (
				CE5D4CAB27982AEB00EDC5F1 /* Poppins-Regular.ttf */,
				CEA0708F27A3D336004C6C83 /* Poppins-SemiBold.ttf */,
				CEA0709127A3D35B004C6C83 /* Poppins-Bold.ttf */,
			);
			path = Fonts;
			sourceTree = "<group>";
		};
		CE650765279966C7008F1717 /* AppDelegates */ = {
			isa = PBXGroup;
			children = (
				CE184D302793381500535889 /* SceneDelegate.swift */,
				CE184D2E2793381500535889 /* AppDelegate.swift */,
			);
			path = AppDelegates;
			sourceTree = "<group>";
		};
		CE7EEB9A279AE2F7006347F1 /* Utilities */ = {
			isa = PBXGroup;
			children = (
				CE7EEB98279AA315006347F1 /* Constants.swift */,
			);
			path = Utilities;
			sourceTree = "<group>";
		};
		CE99A00527A217B900050022 /* SignUp */ = {
			isa = PBXGroup;
			children = (
				CEDAB57427A474C500138475 /* Model */,
				CE99A00627A217C600050022 /* View */,
				CEDAB57727A475C600138475 /* ViewModel */,
			);
			path = SignUp;
			sourceTree = "<group>";
		};
		CE99A00627A217C600050022 /* View */ = {
			isa = PBXGroup;
			children = (
				CE99A00D27A2201200050022 /* SignUpView.swift */,
				CE99A00727A217DD00050022 /* SignUpViewController.swift */,
			);
			path = View;
			sourceTree = "<group>";
		};
		CE99A00927A2180D00050022 /* SignIn */ = {
			isa = PBXGroup;
			children = (
				CE99A00A27A2181600050022 /* View */,
			);
			path = SignIn;
			sourceTree = "<group>";
		};
		CE99A00A27A2181600050022 /* View */ = {
			isa = PBXGroup;
			children = (
				CE24987527A7EF1D009222AE /* LogInView.swift */,
				CE99A00B27A2182600050022 /* LogInViewController.swift */,
			);
			path = View;
			sourceTree = "<group>";
		};
		CEDAB57427A474C500138475 /* Model */ = {
			isa = PBXGroup;
			children = (
				CEDAB57527A4752300138475 /* SignUpModel.swift */,
			);
			path = Model;
			sourceTree = "<group>";
		};
		CEDAB57727A475C600138475 /* ViewModel */ = {
			isa = PBXGroup;
			children = (
			);
			path = ViewModel;
			sourceTree = "<group>";
		};
		CEE195ED27ABF7DD002DCE1B /* ForgetPassword */ = {
			isa = PBXGroup;
			children = (
				CEE195EE27ABF83A002DCE1B /* View */,
			);
			path = ForgetPassword;
			sourceTree = "<group>";
		};
		CEE195EE27ABF83A002DCE1B /* View */ = {
			isa = PBXGroup;
			children = (
				CEE195EF27ABF867002DCE1B /* ForgetPasswordView.swift */,
				CEE195F127AC04F6002DCE1B /* ForgetPasswordViewController.swift */,
			);
			path = View;
			sourceTree = "<group>";
		};
		CEE195F527AC1BD9002DCE1B /* VerificationPage */ = {
			isa = PBXGroup;
			children = (
				CEE195F627AC1C15002DCE1B /* View */,
			);
			path = VerificationPage;
			sourceTree = "<group>";
		};
		CEE195F627AC1C15002DCE1B /* View */ = {
			isa = PBXGroup;
			children = (
				CEE195F727AC1C3F002DCE1B /* VerificationPageView.swift */,
				CEE195F927AC233C002DCE1B /* VerificationPageViewController.swift */,
			);
			path = View;
			sourceTree = "<group>";
		};
		CEFEF515279C0CAF0066584C /* SetupPage */ = {
			isa = PBXGroup;
			children = (
				CEFEF516279C0D0D0066584C /* Model */,
				CEFEF517279C0D180066584C /* View */,
				CEFEF518279C0D2E0066584C /* ViewModel */,
			);
			path = SetupPage;
			sourceTree = "<group>";
		};
		CEFEF516279C0D0D0066584C /* Model */ = {
			isa = PBXGroup;
			children = (
			);
			path = Model;
			sourceTree = "<group>";
		};
		CEFEF517279C0D180066584C /* View */ = {
			isa = PBXGroup;
			children = (
				CEFEF519279C0DF70066584C /* SetupView.swift */,
				CEFEF51B279C0E690066584C /* SetupViewController.swift */,
			);
			path = View;
			sourceTree = "<group>";
		};
		CEFEF518279C0D2E0066584C /* ViewModel */ = {
			isa = PBXGroup;
			children = (
			);
			path = ViewModel;
			sourceTree = "<group>";
		};
		CEFEF51D279C59A20066584C /* CustomViews */ = {
			isa = PBXGroup;
			children = (
				CEFEF51E279C59D40066584C /* TitleLabel.swift */,
				CEFEF520279C59E50066584C /* CustomButton.swift */,
				CEA0709327A3D575004C6C83 /* CustomBackgroundView.swift */,
				CEA0709527A3DC32004C6C83 /* CustomTextField.swift */,
			);
			path = CustomViews;
			sourceTree = "<group>";
		};
/* End PBXGroup section */

/* Begin PBXNativeTarget section */
		CE184D2A2793381500535889 /* TourMap */ = {
			isa = PBXNativeTarget;
			buildConfigurationList = CE184D3F2793381700535889 /* Build configuration list for PBXNativeTarget "TourMap" */;
			buildPhases = (
				CE184D272793381500535889 /* Sources */,
				CE184D282793381500535889 /* Frameworks */,
				CE184D292793381500535889 /* Resources */,
			);
			buildRules = (
			);
			dependencies = (
			);
			name = TourMap;
			productName = TourMap;
			productReference = CE184D2B2793381500535889 /* TourMap.app */;
			productType = "com.apple.product-type.application";
		};
/* End PBXNativeTarget section */

/* Begin PBXProject section */
		CE184D232793381500535889 /* Project object */ = {
			isa = PBXProject;
			attributes = {
				BuildIndependentTargetsInParallel = 1;
				LastSwiftUpdateCheck = 1310;
				LastUpgradeCheck = 1310;
				TargetAttributes = {
					CE184D2A2793381500535889 = {
						CreatedOnToolsVersion = 13.1;
					};
				};
			};
			buildConfigurationList = CE184D262793381500535889 /* Build configuration list for PBXProject "TourMap" */;
			compatibilityVersion = "Xcode 13.0";
			developmentRegion = en;
			hasScannedForEncodings = 0;
			knownRegions = (
				en,
				Base,
			);
			mainGroup = CE184D222793381500535889;
			productRefGroup = CE184D2C2793381500535889 /* Products */;
			projectDirPath = "";
			projectRoot = "";
			targets = (
				CE184D2A2793381500535889 /* TourMap */,
			);
		};
/* End PBXProject section */

/* Begin PBXResourcesBuildPhase section */
		CE184D292793381500535889 /* Resources */ = {
			isa = PBXResourcesBuildPhase;
			buildActionMask = 2147483647;
			files = (
				CEA0709027A3D336004C6C83 /* Poppins-SemiBold.ttf in Resources */,
				CEA0709227A3D35B004C6C83 /* Poppins-Bold.ttf in Resources */,
				CE184D3B2793381700535889 /* LaunchScreen.storyboard in Resources */,
				CE184D382793381700535889 /* Assets.xcassets in Resources */,
				CE184D362793381500535889 /* Main.storyboard in Resources */,
				CE5D4CAC27982AEB00EDC5F1 /* Poppins-Regular.ttf in Resources */,
			);
			runOnlyForDeploymentPostprocessing = 0;
		};
/* End PBXResourcesBuildPhase section */

/* Begin PBXSourcesBuildPhase section */
		CE184D272793381500535889 /* Sources */ = {
			isa = PBXSourcesBuildPhase;
			buildActionMask = 2147483647;
			files = (
				CE99A00C27A2182600050022 /* LogInViewController.swift in Sources */,
				CE99A00E27A2201200050022 /* SignUpView.swift in Sources */,
				CE4A9D9627986F3800F19BD5 /* OnboardingData.swift in Sources */,
				CE184D2F2793381500535889 /* AppDelegate.swift in Sources */,
				CEFEF51F279C59D40066584C /* TitleLabel.swift in Sources */,
				CEDAB57627A4752300138475 /* SignUpModel.swift in Sources */,
				CEE195FA27AC233C002DCE1B /* VerificationPageViewController.swift in Sources */,
				CE184D312793381500535889 /* SceneDelegate.swift in Sources */,
				CE5D4C7E2798154B00EDC5F1 /* OnboardingCollectionViewCell.swift in Sources */,
				CEFEF51C279C0E690066584C /* SetupViewController.swift in Sources */,
				CEFEF51A279C0DF70066584C /* SetupView.swift in Sources */,
				CEDAB57327A450D300138475 /* UITextField+Extension.swift in Sources */,
				CE5D4C7A2798087100EDC5F1 /* UIView+Extension.swift in Sources */,
				CEFEF521279C59E50066584C /* CustomButton.swift in Sources */,
				CEA0709427A3D575004C6C83 /* CustomBackgroundView.swift in Sources */,
				CE24987627A7EF1D009222AE /* LogInView.swift in Sources */,
				CEE195F227AC04F6002DCE1B /* ForgetPasswordViewController.swift in Sources */,
				CE4A9D992798975200F19BD5 /* OnboardingViewModel.swift in Sources */,
				CE5D4C762798050E00EDC5F1 /* OnboardingViewController.swift in Sources */,
				CE99A00827A217DD00050022 /* SignUpViewController.swift in Sources */,
				CEA0709627A3DC32004C6C83 /* CustomTextField.swift in Sources */,
				CEE195F027ABF867002DCE1B /* ForgetPasswordView.swift in Sources */,
				CE7EEB99279AA315006347F1 /* Constants.swift in Sources */,
				CEE195F827AC1C3F002DCE1B /* VerificationPageView.swift in Sources */,
			);
			runOnlyForDeploymentPostprocessing = 0;
		};
/* End PBXSourcesBuildPhase section */

/* Begin PBXVariantGroup section */
		CE184D342793381500535889 /* Main.storyboard */ = {
			isa = PBXVariantGroup;
			children = (
				CE184D352793381500535889 /* Base */,
			);
			name = Main.storyboard;
			sourceTree = "<group>";
		};
		CE184D392793381700535889 /* LaunchScreen.storyboard */ = {
			isa = PBXVariantGroup;
			children = (
				CE184D3A2793381700535889 /* Base */,
			);
			name = LaunchScreen.storyboard;
			sourceTree = "<group>";
		};
/* End PBXVariantGroup section */

/* Begin XCBuildConfiguration section */
		CE184D3D2793381700535889 /* Debug */ = {
			isa = XCBuildConfiguration;
			buildSettings = {
				ALWAYS_SEARCH_USER_PATHS = NO;
				CLANG_ANALYZER_NONNULL = YES;
				CLANG_ANALYZER_NUMBER_OBJECT_CONVERSION = YES_AGGRESSIVE;
				CLANG_CXX_LANGUAGE_STANDARD = "gnu++17";
				CLANG_CXX_LIBRARY = "libc++";
				CLANG_ENABLE_MODULES = YES;
				CLANG_ENABLE_OBJC_ARC = YES;
				CLANG_ENABLE_OBJC_WEAK = YES;
				CLANG_WARN_BLOCK_CAPTURE_AUTORELEASING = YES;
				CLANG_WARN_BOOL_CONVERSION = YES;
				CLANG_WARN_COMMA = YES;
				CLANG_WARN_CONSTANT_CONVERSION = YES;
				CLANG_WARN_DEPRECATED_OBJC_IMPLEMENTATIONS = YES;
				CLANG_WARN_DIRECT_OBJC_ISA_USAGE = YES_ERROR;
				CLANG_WARN_DOCUMENTATION_COMMENTS = YES;
				CLANG_WARN_EMPTY_BODY = YES;
				CLANG_WARN_ENUM_CONVERSION = YES;
				CLANG_WARN_INFINITE_RECURSION = YES;
				CLANG_WARN_INT_CONVERSION = YES;
				CLANG_WARN_NON_LITERAL_NULL_CONVERSION = YES;
				CLANG_WARN_OBJC_IMPLICIT_RETAIN_SELF = YES;
				CLANG_WARN_OBJC_LITERAL_CONVERSION = YES;
				CLANG_WARN_OBJC_ROOT_CLASS = YES_ERROR;
				CLANG_WARN_QUOTED_INCLUDE_IN_FRAMEWORK_HEADER = YES;
				CLANG_WARN_RANGE_LOOP_ANALYSIS = YES;
				CLANG_WARN_STRICT_PROTOTYPES = YES;
				CLANG_WARN_SUSPICIOUS_MOVE = YES;
				CLANG_WARN_UNGUARDED_AVAILABILITY = YES_AGGRESSIVE;
				CLANG_WARN_UNREACHABLE_CODE = YES;
				CLANG_WARN__DUPLICATE_METHOD_MATCH = YES;
				COPY_PHASE_STRIP = NO;
				DEBUG_INFORMATION_FORMAT = dwarf;
				ENABLE_STRICT_OBJC_MSGSEND = YES;
				ENABLE_TESTABILITY = YES;
				GCC_C_LANGUAGE_STANDARD = gnu11;
				GCC_DYNAMIC_NO_PIC = NO;
				GCC_NO_COMMON_BLOCKS = YES;
				GCC_OPTIMIZATION_LEVEL = 0;
				GCC_PREPROCESSOR_DEFINITIONS = (
					"DEBUG=1",
					"$(inherited)",
				);
				GCC_WARN_64_TO_32_BIT_CONVERSION = YES;
				GCC_WARN_ABOUT_RETURN_TYPE = YES_ERROR;
				GCC_WARN_UNDECLARED_SELECTOR = YES;
				GCC_WARN_UNINITIALIZED_AUTOS = YES_AGGRESSIVE;
				GCC_WARN_UNUSED_FUNCTION = YES;
				GCC_WARN_UNUSED_VARIABLE = YES;
				IPHONEOS_DEPLOYMENT_TARGET = 15.0;
				MTL_ENABLE_DEBUG_INFO = INCLUDE_SOURCE;
				MTL_FAST_MATH = YES;
				ONLY_ACTIVE_ARCH = YES;
				SDKROOT = iphoneos;
				SWIFT_ACTIVE_COMPILATION_CONDITIONS = DEBUG;
				SWIFT_OPTIMIZATION_LEVEL = "-Onone";
			};
			name = Debug;
		};
		CE184D3E2793381700535889 /* Release */ = {
			isa = XCBuildConfiguration;
			buildSettings = {
				ALWAYS_SEARCH_USER_PATHS = NO;
				CLANG_ANALYZER_NONNULL = YES;
				CLANG_ANALYZER_NUMBER_OBJECT_CONVERSION = YES_AGGRESSIVE;
				CLANG_CXX_LANGUAGE_STANDARD = "gnu++17";
				CLANG_CXX_LIBRARY = "libc++";
				CLANG_ENABLE_MODULES = YES;
				CLANG_ENABLE_OBJC_ARC = YES;
				CLANG_ENABLE_OBJC_WEAK = YES;
				CLANG_WARN_BLOCK_CAPTURE_AUTORELEASING = YES;
				CLANG_WARN_BOOL_CONVERSION = YES;
				CLANG_WARN_COMMA = YES;
				CLANG_WARN_CONSTANT_CONVERSION = YES;
				CLANG_WARN_DEPRECATED_OBJC_IMPLEMENTATIONS = YES;
				CLANG_WARN_DIRECT_OBJC_ISA_USAGE = YES_ERROR;
				CLANG_WARN_DOCUMENTATION_COMMENTS = YES;
				CLANG_WARN_EMPTY_BODY = YES;
				CLANG_WARN_ENUM_CONVERSION = YES;
				CLANG_WARN_INFINITE_RECURSION = YES;
				CLANG_WARN_INT_CONVERSION = YES;
				CLANG_WARN_NON_LITERAL_NULL_CONVERSION = YES;
				CLANG_WARN_OBJC_IMPLICIT_RETAIN_SELF = YES;
				CLANG_WARN_OBJC_LITERAL_CONVERSION = YES;
				CLANG_WARN_OBJC_ROOT_CLASS = YES_ERROR;
				CLANG_WARN_QUOTED_INCLUDE_IN_FRAMEWORK_HEADER = YES;
				CLANG_WARN_RANGE_LOOP_ANALYSIS = YES;
				CLANG_WARN_STRICT_PROTOTYPES = YES;
				CLANG_WARN_SUSPICIOUS_MOVE = YES;
				CLANG_WARN_UNGUARDED_AVAILABILITY = YES_AGGRESSIVE;
				CLANG_WARN_UNREACHABLE_CODE = YES;
				CLANG_WARN__DUPLICATE_METHOD_MATCH = YES;
				COPY_PHASE_STRIP = NO;
				DEBUG_INFORMATION_FORMAT = "dwarf-with-dsym";
				ENABLE_NS_ASSERTIONS = NO;
				ENABLE_STRICT_OBJC_MSGSEND = YES;
				GCC_C_LANGUAGE_STANDARD = gnu11;
				GCC_NO_COMMON_BLOCKS = YES;
				GCC_WARN_64_TO_32_BIT_CONVERSION = YES;
				GCC_WARN_ABOUT_RETURN_TYPE = YES_ERROR;
				GCC_WARN_UNDECLARED_SELECTOR = YES;
				GCC_WARN_UNINITIALIZED_AUTOS = YES_AGGRESSIVE;
				GCC_WARN_UNUSED_FUNCTION = YES;
				GCC_WARN_UNUSED_VARIABLE = YES;
				IPHONEOS_DEPLOYMENT_TARGET = 15.0;
				MTL_ENABLE_DEBUG_INFO = NO;
				MTL_FAST_MATH = YES;
				SDKROOT = iphoneos;
				SWIFT_COMPILATION_MODE = wholemodule;
				SWIFT_OPTIMIZATION_LEVEL = "-O";
				VALIDATE_PRODUCT = YES;
			};
			name = Release;
		};
		CE184D402793381700535889 /* Debug */ = {
			isa = XCBuildConfiguration;
			buildSettings = {
				ASSETCATALOG_COMPILER_APPICON_NAME = AppIcon;
				ASSETCATALOG_COMPILER_GLOBAL_ACCENT_COLOR_NAME = AccentColor;
				CODE_SIGN_STYLE = Automatic;
				CURRENT_PROJECT_VERSION = 1;
				GENERATE_INFOPLIST_FILE = YES;
				INFOPLIST_FILE = TourMap/SupportingFiles/Info.plist;
				INFOPLIST_KEY_UIApplicationSupportsIndirectInputEvents = YES;
				INFOPLIST_KEY_UILaunchStoryboardName = LaunchScreen;
				INFOPLIST_KEY_UIMainStoryboardFile = Main;
				INFOPLIST_KEY_UISupportedInterfaceOrientations_iPad = "UIInterfaceOrientationPortrait UIInterfaceOrientationPortraitUpsideDown UIInterfaceOrientationLandscapeLeft UIInterfaceOrientationLandscapeRight";
				INFOPLIST_KEY_UISupportedInterfaceOrientations_iPhone = "UIInterfaceOrientationPortrait UIInterfaceOrientationLandscapeLeft UIInterfaceOrientationLandscapeRight";
				LD_RUNPATH_SEARCH_PATHS = (
					"$(inherited)",
					"@executable_path/Frameworks",
				);
				MARKETING_VERSION = 1.0;
				PRODUCT_BUNDLE_IDENTIFIER = kti.com.TourMap;
				PRODUCT_NAME = "$(TARGET_NAME)";
				SWIFT_EMIT_LOC_STRINGS = YES;
				SWIFT_VERSION = 5.0;
				TARGETED_DEVICE_FAMILY = "1,2";
			};
			name = Debug;
		};
		CE184D412793381700535889 /* Release */ = {
			isa = XCBuildConfiguration;
			buildSettings = {
				ASSETCATALOG_COMPILER_APPICON_NAME = AppIcon;
				ASSETCATALOG_COMPILER_GLOBAL_ACCENT_COLOR_NAME = AccentColor;
				CODE_SIGN_STYLE = Automatic;
				CURRENT_PROJECT_VERSION = 1;
				GENERATE_INFOPLIST_FILE = YES;
				INFOPLIST_FILE = TourMap/SupportingFiles/Info.plist;
				INFOPLIST_KEY_UIApplicationSupportsIndirectInputEvents = YES;
				INFOPLIST_KEY_UILaunchStoryboardName = LaunchScreen;
				INFOPLIST_KEY_UIMainStoryboardFile = Main;
				INFOPLIST_KEY_UISupportedInterfaceOrientations_iPad = "UIInterfaceOrientationPortrait UIInterfaceOrientationPortraitUpsideDown UIInterfaceOrientationLandscapeLeft UIInterfaceOrientationLandscapeRight";
				INFOPLIST_KEY_UISupportedInterfaceOrientations_iPhone = "UIInterfaceOrientationPortrait UIInterfaceOrientationLandscapeLeft UIInterfaceOrientationLandscapeRight";
				LD_RUNPATH_SEARCH_PATHS = (
					"$(inherited)",
					"@executable_path/Frameworks",
				);
				MARKETING_VERSION = 1.0;
				PRODUCT_BUNDLE_IDENTIFIER = kti.com.TourMap;
				PRODUCT_NAME = "$(TARGET_NAME)";
				SWIFT_EMIT_LOC_STRINGS = YES;
				SWIFT_VERSION = 5.0;
				TARGETED_DEVICE_FAMILY = "1,2";
			};
			name = Release;
		};
/* End XCBuildConfiguration section */

/* Begin XCConfigurationList section */
		CE184D262793381500535889 /* Build configuration list for PBXProject "TourMap" */ = {
			isa = XCConfigurationList;
			buildConfigurations = (
				CE184D3D2793381700535889 /* Debug */,
				CE184D3E2793381700535889 /* Release */,
			);
			defaultConfigurationIsVisible = 0;
			defaultConfigurationName = Release;
		};
		CE184D3F2793381700535889 /* Build configuration list for PBXNativeTarget "TourMap" */ = {
			isa = XCConfigurationList;
			buildConfigurations = (
				CE184D402793381700535889 /* Debug */,
				CE184D412793381700535889 /* Release */,
			);
			defaultConfigurationIsVisible = 0;
			defaultConfigurationName = Release;
		};
/* End XCConfigurationList section */
	};
	rootObject = CE184D232793381500535889 /* Project object */;
}
